DEPENDENCIES
  chocolatey
    git: https://github.com/chocolatey/chocolatey-cookbook.git
    revision: 715631e13e0988f8e43579e22059fa2750f90dcd
  http_deploy (~> 0.0.2)
  minitest-handler
  tesr
    path: .
    metadata: true

GRAPH
  chef_handler (1.1.6)
  chocolatey (0.2.1)
    windows (~> 1.31)
  http_deploy (0.0.2)
  minitest-handler (1.3.2)
    chef_handler (>= 0.0.0)
  tesr (0.0.0)
    chocolatey (>= 0.0.0)
    http_deploy (>= 0.0.0)
  windows (1.34.8)
    chef_handler (>= 0.0.0)
